
Microsoft Visual Studio Solution File, Format Version 12.00
# Visual Studio Version 16
VisualStudioVersion = 16.0.31624.102
MinimumVisualStudioVersion = 10.0.40219.1
Project("{8BC9CEB8-8B4A-11D0-8D11-00A0C91BC942}") = "Class_Inherit", "Class_Inherit\Class_Inherit.vcxproj", "{4F6523F9-0AD8-4A46-BB04-74DE46C4ABF5}"
EndProject
Global
	GlobalSection(SolutionConfigurationPlatforms) = preSolution
		Debug|x64 = Debug|x64
		Debug|x86 = Debug|x86
		Release|x64 = Release|x64
		Release|x86 = Release|x86
	EndGlobalSection
	GlobalSection(ProjectConfigurationPlatforms) = postSolution
		{4F6523F9-0AD8-4A46-BB04-74DE46C4ABF5}.Debug|x64.ActiveCfg = Debug|x64
		{4F6523F9-0AD8-4A46-BB04-74DE46C4ABF5}.Debug|x64.Build.0 = Debug|x64
		{4F6523F9-0AD8-4A46-BB04-74DE46C4ABF5}.Debug|x86.ActiveCfg = Debug|Win32
		{4F6523F9-0AD8-4A46-BB04-74DE46C4ABF5}.Debug|x86.Build.0 = Debug|Win32
		{4F6523F9-0AD8-4A46-BB04-74DE46C4ABF5}.Release|x64.ActiveCfg = Release|x64
		{4F6523F9-0AD8-4A46-BB04-74DE46C4ABF5}.Release|x64.Build.0 = Release|x64
		{4F6523F9-0AD8-4A46-BB04-74DE46C4ABF5}.Release|x86.ActiveCfg = Release|Win32
		{4F6523F9-0AD8-4A46-BB04-74DE46C4ABF5}.Release|x86.Build.0 = Release|Win32
	EndGlobalSection
	GlobalSection(SolutionProperties) = preSolution
		HideSolutionNode = FALSE
	EndGlobalSection
	GlobalSection(ExtensibilityGlobals) = postSolution
		SolutionGuid = {A7305CAA-10F0-4757-A571-5157FF1CBAA3}
	EndGlobalSection
EndGlobal
